// !$*UTF8*$!
{
	archiveVersion = 1;
	classes = {
	};
	objectVersion = 48;
	objects = {

/* Begin PBXBuildFile section */
		3D60E1FE2062784B00FA4079 /* MapView.swift in Sources */ = {isa = PBXBuildFile; fileRef = 3D60E1FD2062784B00FA4079 /* MapView.swift */; };
		3D60E2002062AEA500FA4079 /* TempNetworkManager.swift in Sources */ = {isa = PBXBuildFile; fileRef = 3D60E1FF2062AEA500FA4079 /* TempNetworkManager.swift */; };
		3D60E2022062B55B00FA4079 /* DataConverter.swift in Sources */ = {isa = PBXBuildFile; fileRef = 3D60E2012062B55B00FA4079 /* DataConverter.swift */; };
		3DDD9B1620651CAF0040777E /* LoginViewController.swift in Sources */ = {isa = PBXBuildFile; fileRef = 3DDD9B1520651CAF0040777E /* LoginViewController.swift */; };
		3DDD9B1920651FC40040777E /* LoginView.swift in Sources */ = {isa = PBXBuildFile; fileRef = 3DDD9B1820651FC40040777E /* LoginView.swift */; };
		3DDD9B1B206951F90040777E /* RegisterView.swift in Sources */ = {isa = PBXBuildFile; fileRef = 3DDD9B1A206951F90040777E /* RegisterView.swift */; };
		3DDF5ADE206162B1001BD7BE /* AppDelegate.swift in Sources */ = {isa = PBXBuildFile; fileRef = 3DDF5ADD206162B1001BD7BE /* AppDelegate.swift */; };
		3DDF5AE0206162B1001BD7BE /* ViewController.swift in Sources */ = {isa = PBXBuildFile; fileRef = 3DDF5ADF206162B1001BD7BE /* ViewController.swift */; };
		3DDF5AE5206162B1001BD7BE /* Assets.xcassets in Resources */ = {isa = PBXBuildFile; fileRef = 3DDF5AE4206162B1001BD7BE /* Assets.xcassets */; };
		3DDF5AE8206162B1001BD7BE /* LaunchScreen.storyboard in Resources */ = {isa = PBXBuildFile; fileRef = 3DDF5AE6206162B1001BD7BE /* LaunchScreen.storyboard */; };
		3DDF5AF0206163A6001BD7BE /* GoogleService-Info.plist in Resources */ = {isa = PBXBuildFile; fileRef = 3DDF5AEF206163A6001BD7BE /* GoogleService-Info.plist */; };
		3DDF5AF220616B34001BD7BE /* CustomTabBarController.swift in Sources */ = {isa = PBXBuildFile; fileRef = 3DDF5AF120616B34001BD7BE /* CustomTabBarController.swift */; };
		3DDF5AF420617486001BD7BE /* ViewController2.swift in Sources */ = {isa = PBXBuildFile; fileRef = 3DDF5AF320617486001BD7BE /* ViewController2.swift */; };
		3DDF5AF6206176D2001BD7BE /* CustomNavViewController.swift in Sources */ = {isa = PBXBuildFile; fileRef = 3DDF5AF5206176D2001BD7BE /* CustomNavViewController.swift */; };
		3DDF5AFC2061798F001BD7BE /* MapViewController.swift in Sources */ = {isa = PBXBuildFile; fileRef = 3DDF5AFB2061798F001BD7BE /* MapViewController.swift */; };
		3DDF5B0120617AEA001BD7BE /* PlacesViewController.swift in Sources */ = {isa = PBXBuildFile; fileRef = 3DDF5B0020617AEA001BD7BE /* PlacesViewController.swift */; };
		3DDF5B0320617BF9001BD7BE /* FavoritesViewController.swift in Sources */ = {isa = PBXBuildFile; fileRef = 3DDF5B0220617BF9001BD7BE /* FavoritesViewController.swift */; };
		FE46FD33CC414F62320E41D3 /* Pods_thesisProject.framework in Frameworks */ = {isa = PBXBuildFile; fileRef = 58FF50E8D3FC3E9C6C8EDB05 /* Pods_thesisProject.framework */; };
/* End PBXBuildFile section */

/* Begin PBXFileReference section */
		3D60E1FD2062784B00FA4079 /* MapView.swift */ = {isa = PBXFileReference; lastKnownFileType = sourcecode.swift; path = MapView.swift; sourceTree = "<group>"; };
		3D60E1FF2062AEA500FA4079 /* TempNetworkManager.swift */ = {isa = PBXFileReference; lastKnownFileType = sourcecode.swift; path = TempNetworkManager.swift; sourceTree = "<group>"; };
		3D60E2012062B55B00FA4079 /* DataConverter.swift */ = {isa = PBXFileReference; lastKnownFileType = sourcecode.swift; path = DataConverter.swift; sourceTree = "<group>"; };
		3DDD9B1520651CAF0040777E /* LoginViewController.swift */ = {isa = PBXFileReference; lastKnownFileType = sourcecode.swift; path = LoginViewController.swift; sourceTree = "<group>"; };
		3DDD9B1820651FC40040777E /* LoginView.swift */ = {isa = PBXFileReference; lastKnownFileType = sourcecode.swift; path = LoginView.swift; sourceTree = "<group>"; };
		3DDD9B1A206951F90040777E /* RegisterView.swift */ = {isa = PBXFileReference; lastKnownFileType = sourcecode.swift; path = RegisterView.swift; sourceTree = "<group>"; };
		3DDF5ADA206162B1001BD7BE /* thesisProject.app */ = {isa = PBXFileReference; explicitFileType = wrapper.application; includeInIndex = 0; path = thesisProject.app; sourceTree = BUILT_PRODUCTS_DIR; };
		3DDF5ADD206162B1001BD7BE /* AppDelegate.swift */ = {isa = PBXFileReference; lastKnownFileType = sourcecode.swift; path = AppDelegate.swift; sourceTree = "<group>"; };
		3DDF5ADF206162B1001BD7BE /* ViewController.swift */ = {isa = PBXFileReference; lastKnownFileType = sourcecode.swift; path = ViewController.swift; sourceTree = "<group>"; };
		3DDF5AE4206162B1001BD7BE /* Assets.xcassets */ = {isa = PBXFileReference; lastKnownFileType = folder.assetcatalog; path = Assets.xcassets; sourceTree = "<group>"; };
		3DDF5AE7206162B1001BD7BE /* Base */ = {isa = PBXFileReference; lastKnownFileType = file.storyboard; name = Base; path = Base.lproj/LaunchScreen.storyboard; sourceTree = "<group>"; };
		3DDF5AE9206162B1001BD7BE /* Info.plist */ = {isa = PBXFileReference; lastKnownFileType = text.plist.xml; path = Info.plist; sourceTree = "<group>"; };
		3DDF5AEF206163A6001BD7BE /* GoogleService-Info.plist */ = {isa = PBXFileReference; fileEncoding = 4; lastKnownFileType = text.plist.xml; path = "GoogleService-Info.plist"; sourceTree = "<group>"; };
		3DDF5AF120616B34001BD7BE /* CustomTabBarController.swift */ = {isa = PBXFileReference; lastKnownFileType = sourcecode.swift; path = CustomTabBarController.swift; sourceTree = "<group>"; };
		3DDF5AF320617486001BD7BE /* ViewController2.swift */ = {isa = PBXFileReference; lastKnownFileType = sourcecode.swift; path = ViewController2.swift; sourceTree = "<group>"; };
		3DDF5AF5206176D2001BD7BE /* CustomNavViewController.swift */ = {isa = PBXFileReference; lastKnownFileType = sourcecode.swift; path = CustomNavViewController.swift; sourceTree = "<group>"; };
		3DDF5AFB2061798F001BD7BE /* MapViewController.swift */ = {isa = PBXFileReference; lastKnownFileType = sourcecode.swift; path = MapViewController.swift; sourceTree = "<group>"; };
		3DDF5B0020617AEA001BD7BE /* PlacesViewController.swift */ = {isa = PBXFileReference; lastKnownFileType = sourcecode.swift; path = PlacesViewController.swift; sourceTree = "<group>"; };
		3DDF5B0220617BF9001BD7BE /* FavoritesViewController.swift */ = {isa = PBXFileReference; lastKnownFileType = sourcecode.swift; path = FavoritesViewController.swift; sourceTree = "<group>"; };
		58FF50E8D3FC3E9C6C8EDB05 /* Pods_thesisProject.framework */ = {isa = PBXFileReference; explicitFileType = wrapper.framework; includeInIndex = 0; path = Pods_thesisProject.framework; sourceTree = BUILT_PRODUCTS_DIR; };
		90A5CD2FD7842732F24A2D4A /* Pods-thesisProject.release.xcconfig */ = {isa = PBXFileReference; includeInIndex = 1; lastKnownFileType = text.xcconfig; name = "Pods-thesisProject.release.xcconfig"; path = "Pods/Target Support Files/Pods-thesisProject/Pods-thesisProject.release.xcconfig"; sourceTree = "<group>"; };
		E2D747B4ED24A60BB7F42C83 /* Pods-thesisProject.debug.xcconfig */ = {isa = PBXFileReference; includeInIndex = 1; lastKnownFileType = text.xcconfig; name = "Pods-thesisProject.debug.xcconfig"; path = "Pods/Target Support Files/Pods-thesisProject/Pods-thesisProject.debug.xcconfig"; sourceTree = "<group>"; };
/* End PBXFileReference section */

/* Begin PBXFrameworksBuildPhase section */
		3DDF5AD7206162B1001BD7BE /* Frameworks */ = {
			isa = PBXFrameworksBuildPhase;
			buildActionMask = 2147483647;
			files = (
				FE46FD33CC414F62320E41D3 /* Pods_thesisProject.framework in Frameworks */,
			);
			runOnlyForDeploymentPostprocessing = 0;
		};
/* End PBXFrameworksBuildPhase section */

/* Begin PBXGroup section */
		3D60E1FA2062771800FA4079 /* Views */ = {
			isa = PBXGroup;
			children = (
				3D60E1FD2062784B00FA4079 /* MapView.swift */,
			);
			path = Views;
			sourceTree = "<group>";
		};
		3D60E20320651B0900FA4079 /* LoginWindow */ = {
			isa = PBXGroup;
			children = (
				3DDD9B1720651FA20040777E /* LoginView */,
				3DDD9B1420651C440040777E /* LoginViewController */,
			);
			path = LoginWindow;
			sourceTree = "<group>";
		};
		3DDD9B1420651C440040777E /* LoginViewController */ = {
			isa = PBXGroup;
			children = (
				3DDD9B1520651CAF0040777E /* LoginViewController.swift */,
			);
			path = LoginViewController;
			sourceTree = "<group>";
		};
		3DDD9B1720651FA20040777E /* LoginView */ = {
			isa = PBXGroup;
			children = (
				3DDD9B1820651FC40040777E /* LoginView.swift */,
				3DDD9B1A206951F90040777E /* RegisterView.swift */,
			);
			path = LoginView;
			sourceTree = "<group>";
		};
		3DDF5AD1206162B1001BD7BE = {
			isa = PBXGroup;
			children = (
				3DDF5ADC206162B1001BD7BE /* thesisProject */,
				3DDF5ADB206162B1001BD7BE /* Products */,
				72E20126DE08981172D2FCE1 /* Pods */,
				A109ED49754796AF87AFC1D2 /* Frameworks */,
			);
			sourceTree = "<group>";
		};
		3DDF5ADB206162B1001BD7BE /* Products */ = {
			isa = PBXGroup;
			children = (
				3DDF5ADA206162B1001BD7BE /* thesisProject.app */,
			);
			name = Products;
			sourceTree = "<group>";
		};
		3DDF5ADC206162B1001BD7BE /* thesisProject */ = {
			isa = PBXGroup;
			children = (
				3D60E20320651B0900FA4079 /* LoginWindow */,
				3DDF5AF720617887001BD7BE /* MainMapWindow */,
				3DDF5AFA20617922001BD7BE /* FavoritesWindow */,
				3DDF5AF920617902001BD7BE /* PlacesWindow */,
				3DDF5AF82061789A001BD7BE /* SupportingFiles */,
				3DDF5AF5206176D2001BD7BE /* CustomNavViewController.swift */,
				3DDF5ADF206162B1001BD7BE /* ViewController.swift */,
				3DDF5AF320617486001BD7BE /* ViewController2.swift */,
			);
			path = thesisProject;
			sourceTree = "<group>";
		};
		3DDF5AF720617887001BD7BE /* MainMapWindow */ = {
			isa = PBXGroup;
			children = (
				3D60E1FA2062771800FA4079 /* Views */,
				3DDF5AFD2061799C001BD7BE /* Controllers */,
			);
			path = MainMapWindow;
			sourceTree = "<group>";
		};
		3DDF5AF82061789A001BD7BE /* SupportingFiles */ = {
			isa = PBXGroup;
			children = (
				3DDF5AE6206162B1001BD7BE /* LaunchScreen.storyboard */,
				3DDF5AEF206163A6001BD7BE /* GoogleService-Info.plist */,
				3DDF5AE9206162B1001BD7BE /* Info.plist */,
				3DDF5AE4206162B1001BD7BE /* Assets.xcassets */,
			);
			path = SupportingFiles;
			sourceTree = "<group>";
		};
		3DDF5AF920617902001BD7BE /* PlacesWindow */ = {
			isa = PBXGroup;
			children = (
				3DDF5AFE20617A6D001BD7BE /* Controllers */,
			);
			path = PlacesWindow;
			sourceTree = "<group>";
		};
		3DDF5AFA20617922001BD7BE /* FavoritesWindow */ = {
			isa = PBXGroup;
			children = (
				3DDF5AFF20617A87001BD7BE /* Controllers */,
			);
			path = FavoritesWindow;
			sourceTree = "<group>";
		};
		3DDF5AFD2061799C001BD7BE /* Controllers */ = {
			isa = PBXGroup;
			children = (
				3DDF5AFB2061798F001BD7BE /* MapViewController.swift */,
				3DDF5ADD206162B1001BD7BE /* AppDelegate.swift */,
				3DDF5AF120616B34001BD7BE /* CustomTabBarController.swift */,
				3D60E1FF2062AEA500FA4079 /* TempNetworkManager.swift */,
				3D60E2012062B55B00FA4079 /* DataConverter.swift */,
			);
			path = Controllers;
			sourceTree = "<group>";
		};
		3DDF5AFE20617A6D001BD7BE /* Controllers */ = {
			isa = PBXGroup;
			children = (
				3DDF5B0020617AEA001BD7BE /* PlacesViewController.swift */,
			);
			path = Controllers;
			sourceTree = "<group>";
		};
		3DDF5AFF20617A87001BD7BE /* Controllers */ = {
			isa = PBXGroup;
			children = (
				3DDF5B0220617BF9001BD7BE /* FavoritesViewController.swift */,
			);
			path = Controllers;
			sourceTree = "<group>";
		};
		72E20126DE08981172D2FCE1 /* Pods */ = {
			isa = PBXGroup;
			children = (
				E2D747B4ED24A60BB7F42C83 /* Pods-thesisProject.debug.xcconfig */,
				90A5CD2FD7842732F24A2D4A /* Pods-thesisProject.release.xcconfig */,
			);
			name = Pods;
			sourceTree = "<group>";
		};
		A109ED49754796AF87AFC1D2 /* Frameworks */ = {
			isa = PBXGroup;
			children = (
				58FF50E8D3FC3E9C6C8EDB05 /* Pods_thesisProject.framework */,
			);
			name = Frameworks;
			sourceTree = "<group>";
		};
/* End PBXGroup section */

/* Begin PBXNativeTarget section */
		3DDF5AD9206162B1001BD7BE /* thesisProject */ = {
			isa = PBXNativeTarget;
			buildConfigurationList = 3DDF5AEC206162B1001BD7BE /* Build configuration list for PBXNativeTarget "thesisProject" */;
			buildPhases = (
				F4536938EBFB5A65AE926A87 /* [CP] Check Pods Manifest.lock */,
				3DDF5AD6206162B1001BD7BE /* Sources */,
				3DDF5AD7206162B1001BD7BE /* Frameworks */,
				3DDF5AD8206162B1001BD7BE /* Resources */,
				32313AA8EB3121532D40AC22 /* [CP] Embed Pods Frameworks */,
				6CEA8EF31E8338AC28E284BD /* [CP] Copy Pods Resources */,
			);
			buildRules = (
			);
			dependencies = (
			);
			name = thesisProject;
			productName = thesisProject;
			productReference = 3DDF5ADA206162B1001BD7BE /* thesisProject.app */;
			productType = "com.apple.product-type.application";
		};
/* End PBXNativeTarget section */

/* Begin PBXProject section */
		3DDF5AD2206162B1001BD7BE /* Project object */ = {
			isa = PBXProject;
			attributes = {
				LastSwiftUpdateCheck = 0920;
				LastUpgradeCheck = 0920;
				ORGANIZATIONNAME = "Nikita Kechinov";
				TargetAttributes = {
					3DDF5AD9206162B1001BD7BE = {
						CreatedOnToolsVersion = 9.2;
						ProvisioningStyle = Automatic;
					};
				};
			};
			buildConfigurationList = 3DDF5AD5206162B1001BD7BE /* Build configuration list for PBXProject "thesisProject" */;
			compatibilityVersion = "Xcode 8.0";
			developmentRegion = en;
			hasScannedForEncodings = 0;
			knownRegions = (
				en,
				Base,
			);
			mainGroup = 3DDF5AD1206162B1001BD7BE;
			productRefGroup = 3DDF5ADB206162B1001BD7BE /* Products */;
			projectDirPath = "";
			projectRoot = "";
			targets = (
				3DDF5AD9206162B1001BD7BE /* thesisProject */,
			);
		};
/* End PBXProject section */

/* Begin PBXResourcesBuildPhase section */
		3DDF5AD8206162B1001BD7BE /* Resources */ = {
			isa = PBXResourcesBuildPhase;
			buildActionMask = 2147483647;
			files = (
				3DDF5AE8206162B1001BD7BE /* LaunchScreen.storyboard in Resources */,
				3DDF5AF0206163A6001BD7BE /* GoogleService-Info.plist in Resources */,
				3DDF5AE5206162B1001BD7BE /* Assets.xcassets in Resources */,
			);
			runOnlyForDeploymentPostprocessing = 0;
		};
/* End PBXResourcesBuildPhase section */

/* Begin PBXShellScriptBuildPhase section */
		32313AA8EB3121532D40AC22 /* [CP] Embed Pods Frameworks */ = {
			isa = PBXShellScriptBuildPhase;
			buildActionMask = 2147483647;
			files = (
			);
			inputPaths = (
				"${SRCROOT}/Pods/Target Support Files/Pods-thesisProject/Pods-thesisProject-frameworks.sh",
				"${BUILT_PRODUCTS_DIR}/GTMSessionFetcher/GTMSessionFetcher.framework",
				"${BUILT_PRODUCTS_DIR}/GoogleToolboxForMac/GoogleToolboxForMac.framework",
				"${BUILT_PRODUCTS_DIR}/leveldb-library/leveldb.framework",
				"${BUILT_PRODUCTS_DIR}/nanopb/nanopb.framework",
			);
			name = "[CP] Embed Pods Frameworks";
			outputPaths = (
				"${TARGET_BUILD_DIR}/${FRAMEWORKS_FOLDER_PATH}/GTMSessionFetcher.framework",
				"${TARGET_BUILD_DIR}/${FRAMEWORKS_FOLDER_PATH}/GoogleToolboxForMac.framework",
				"${TARGET_BUILD_DIR}/${FRAMEWORKS_FOLDER_PATH}/leveldb.framework",
				"${TARGET_BUILD_DIR}/${FRAMEWORKS_FOLDER_PATH}/nanopb.framework",
			);
			runOnlyForDeploymentPostprocessing = 0;
			shellPath = /bin/sh;
			shellScript = "\"${SRCROOT}/Pods/Target Support Files/Pods-thesisProject/Pods-thesisProject-frameworks.sh\"\n";
			showEnvVarsInLog = 0;
		};
		6CEA8EF31E8338AC28E284BD /* [CP] Copy Pods Resources */ = {
			isa = PBXShellScriptBuildPhase;
			buildActionMask = 2147483647;
			files = (
			);
			inputPaths = (
				"${SRCROOT}/Pods/Target Support Files/Pods-thesisProject/Pods-thesisProject-resources.sh",
				"${PODS_ROOT}/GoogleMaps/Maps/Frameworks/GoogleMaps.framework/Resources/GoogleMaps.bundle",
			);
			name = "[CP] Copy Pods Resources";
			outputPaths = (
				"${TARGET_BUILD_DIR}/${UNLOCALIZED_RESOURCES_FOLDER_PATH}/GoogleMaps.bundle",
			);
			runOnlyForDeploymentPostprocessing = 0;
			shellPath = /bin/sh;
			shellScript = "\"${SRCROOT}/Pods/Target Support Files/Pods-thesisProject/Pods-thesisProject-resources.sh\"\n";
			showEnvVarsInLog = 0;
		};
		F4536938EBFB5A65AE926A87 /* [CP] Check Pods Manifest.lock */ = {
			isa = PBXShellScriptBuildPhase;
			buildActionMask = 2147483647;
			files = (
			);
			inputPaths = (
				"${PODS_PODFILE_DIR_PATH}/Podfile.lock",
				"${PODS_ROOT}/Manifest.lock",
			);
			name = "[CP] Check Pods Manifest.lock";
			outputPaths = (
				"$(DERIVED_FILE_DIR)/Pods-thesisProject-checkManifestLockResult.txt",
			);
			runOnlyForDeploymentPostprocessing = 0;
			shellPath = /bin/sh;
			shellScript = "diff \"${PODS_PODFILE_DIR_PATH}/Podfile.lock\" \"${PODS_ROOT}/Manifest.lock\" > /dev/null\nif [ $? != 0 ] ; then\n    # print error to STDERR\n    echo \"error: The sandbox is not in sync with the Podfile.lock. Run 'pod install' or update your CocoaPods installation.\" >&2\n    exit 1\nfi\n# This output is used by Xcode 'outputs' to avoid re-running this script phase.\necho \"SUCCESS\" > \"${SCRIPT_OUTPUT_FILE_0}\"\n";
			showEnvVarsInLog = 0;
		};
/* End PBXShellScriptBuildPhase section */

/* Begin PBXSourcesBuildPhase section */
		3DDF5AD6206162B1001BD7BE /* Sources */ = {
			isa = PBXSourcesBuildPhase;
			buildActionMask = 2147483647;
			files = (
				3DDD9B1620651CAF0040777E /* LoginViewController.swift in Sources */,
				3DDF5AF6206176D2001BD7BE /* CustomNavViewController.swift in Sources */,
				3DDF5B0120617AEA001BD7BE /* PlacesViewController.swift in Sources */,
				3DDD9B1B206951F90040777E /* RegisterView.swift in Sources */,
				3DDF5B0320617BF9001BD7BE /* FavoritesViewController.swift in Sources */,
				3DDF5AFC2061798F001BD7BE /* MapViewController.swift in Sources */,
				3D60E2002062AEA500FA4079 /* TempNetworkManager.swift in Sources */,
				3DDF5AE0206162B1001BD7BE /* ViewController.swift in Sources */,
				3DDF5AF420617486001BD7BE /* ViewController2.swift in Sources */,
				3D60E2022062B55B00FA4079 /* DataConverter.swift in Sources */,
				3DDF5ADE206162B1001BD7BE /* AppDelegate.swift in Sources */,
				3DDD9B1920651FC40040777E /* LoginView.swift in Sources */,
				3D60E1FE2062784B00FA4079 /* MapView.swift in Sources */,
				3DDF5AF220616B34001BD7BE /* CustomTabBarController.swift in Sources */,
			);
			runOnlyForDeploymentPostprocessing = 0;
		};
/* End PBXSourcesBuildPhase section */

/* Begin PBXVariantGroup section */
		3DDF5AE6206162B1001BD7BE /* LaunchScreen.storyboard */ = {
			isa = PBXVariantGroup;
			children = (
				3DDF5AE7206162B1001BD7BE /* Base */,
			);
			name = LaunchScreen.storyboard;
			sourceTree = "<group>";
		};
/* End PBXVariantGroup section */

/* Begin XCBuildConfiguration section */
		3DDF5AEA206162B1001BD7BE /* Debug */ = {
			isa = XCBuildConfiguration;
			buildSettings = {
				ALWAYS_SEARCH_USER_PATHS = NO;
				CLANG_ANALYZER_NONNULL = YES;
				CLANG_ANALYZER_NUMBER_OBJECT_CONVERSION = YES_AGGRESSIVE;
				CLANG_CXX_LANGUAGE_STANDARD = "gnu++14";
				CLANG_CXX_LIBRARY = "libc++";
				CLANG_ENABLE_MODULES = YES;
				CLANG_ENABLE_OBJC_ARC = YES;
				CLANG_WARN_BLOCK_CAPTURE_AUTORELEASING = YES;
				CLANG_WARN_BOOL_CONVERSION = YES;
				CLANG_WARN_COMMA = YES;
				CLANG_WARN_CONSTANT_CONVERSION = YES;
				CLANG_WARN_DIRECT_OBJC_ISA_USAGE = YES_ERROR;
				CLANG_WARN_DOCUMENTATION_COMMENTS = YES;
				CLANG_WARN_EMPTY_BODY = YES;
				CLANG_WARN_ENUM_CONVERSION = YES;
				CLANG_WARN_INFINITE_RECURSION = YES;
				CLANG_WARN_INT_CONVERSION = YES;
				CLANG_WARN_NON_LITERAL_NULL_CONVERSION = YES;
				CLANG_WARN_OBJC_LITERAL_CONVERSION = YES;
				CLANG_WARN_OBJC_ROOT_CLASS = YES_ERROR;
				CLANG_WARN_RANGE_LOOP_ANALYSIS = YES;
				CLANG_WARN_STRICT_PROTOTYPES = YES;
				CLANG_WARN_SUSPICIOUS_MOVE = YES;
				CLANG_WARN_UNGUARDED_AVAILABILITY = YES_AGGRESSIVE;
				CLANG_WARN_UNREACHABLE_CODE = YES;
				CLANG_WARN__DUPLICATE_METHOD_MATCH = YES;
				CODE_SIGN_IDENTITY = "iPhone Developer";
				COPY_PHASE_STRIP = NO;
				DEBUG_INFORMATION_FORMAT = dwarf;
				ENABLE_STRICT_OBJC_MSGSEND = YES;
				ENABLE_TESTABILITY = YES;
				GCC_C_LANGUAGE_STANDARD = gnu11;
				GCC_DYNAMIC_NO_PIC = NO;
				GCC_NO_COMMON_BLOCKS = YES;
				GCC_OPTIMIZATION_LEVEL = 0;
				GCC_PREPROCESSOR_DEFINITIONS = (
					"DEBUG=1",
					"$(inherited)",
				);
				GCC_WARN_64_TO_32_BIT_CONVERSION = YES;
				GCC_WARN_ABOUT_RETURN_TYPE = YES_ERROR;
				GCC_WARN_UNDECLARED_SELECTOR = YES;
				GCC_WARN_UNINITIALIZED_AUTOS = YES_AGGRESSIVE;
				GCC_WARN_UNUSED_FUNCTION = YES;
				GCC_WARN_UNUSED_VARIABLE = YES;
				IPHONEOS_DEPLOYMENT_TARGET = 11.2;
				MTL_ENABLE_DEBUG_INFO = YES;
				ONLY_ACTIVE_ARCH = YES;
				SDKROOT = iphoneos;
				SWIFT_ACTIVE_COMPILATION_CONDITIONS = DEBUG;
				SWIFT_OPTIMIZATION_LEVEL = "-Onone";
			};
			name = Debug;
		};
		3DDF5AEB206162B1001BD7BE /* Release */ = {
			isa = XCBuildConfiguration;
			buildSettings = {
				ALWAYS_SEARCH_USER_PATHS = NO;
				CLANG_ANALYZER_NONNULL = YES;
				CLANG_ANALYZER_NUMBER_OBJECT_CONVERSION = YES_AGGRESSIVE;
				CLANG_CXX_LANGUAGE_STANDARD = "gnu++14";
				CLANG_CXX_LIBRARY = "libc++";
				CLANG_ENABLE_MODULES = YES;
				CLANG_ENABLE_OBJC_ARC = YES;
				CLANG_WARN_BLOCK_CAPTURE_AUTORELEASING = YES;
				CLANG_WARN_BOOL_CONVERSION = YES;
				CLANG_WARN_COMMA = YES;
				CLANG_WARN_CONSTANT_CONVERSION = YES;
				CLANG_WARN_DIRECT_OBJC_ISA_USAGE = YES_ERROR;
				CLANG_WARN_DOCUMENTATION_COMMENTS = YES;
				CLANG_WARN_EMPTY_BODY = YES;
				CLANG_WARN_ENUM_CONVERSION = YES;
				CLANG_WARN_INFINITE_RECURSION = YES;
				CLANG_WARN_INT_CONVERSION = YES;
				CLANG_WARN_NON_LITERAL_NULL_CONVERSION = YES;
				CLANG_WARN_OBJC_LITERAL_CONVERSION = YES;
				CLANG_WARN_OBJC_ROOT_CLASS = YES_ERROR;
				CLANG_WARN_RANGE_LOOP_ANALYSIS = YES;
				CLANG_WARN_STRICT_PROTOTYPES = YES;
				CLANG_WARN_SUSPICIOUS_MOVE = YES;
				CLANG_WARN_UNGUARDED_AVAILABILITY = YES_AGGRESSIVE;
				CLANG_WARN_UNREACHABLE_CODE = YES;
				CLANG_WARN__DUPLICATE_METHOD_MATCH = YES;
				CODE_SIGN_IDENTITY = "iPhone Developer";
				COPY_PHASE_STRIP = NO;
				DEBUG_INFORMATION_FORMAT = "dwarf-with-dsym";
				ENABLE_NS_ASSERTIONS = NO;
				ENABLE_STRICT_OBJC_MSGSEND = YES;
				GCC_C_LANGUAGE_STANDARD = gnu11;
				GCC_NO_COMMON_BLOCKS = YES;
				GCC_WARN_64_TO_32_BIT_CONVERSION = YES;
				GCC_WARN_ABOUT_RETURN_TYPE = YES_ERROR;
				GCC_WARN_UNDECLARED_SELECTOR = YES;
				GCC_WARN_UNINITIALIZED_AUTOS = YES_AGGRESSIVE;
				GCC_WARN_UNUSED_FUNCTION = YES;
				GCC_WARN_UNUSED_VARIABLE = YES;
				IPHONEOS_DEPLOYMENT_TARGET = 11.2;
				MTL_ENABLE_DEBUG_INFO = NO;
				SDKROOT = iphoneos;
				SWIFT_OPTIMIZATION_LEVEL = "-Owholemodule";
				VALIDATE_PRODUCT = YES;
			};
			name = Release;
		};
		3DDF5AED206162B1001BD7BE /* Debug */ = {
			isa = XCBuildConfiguration;
			baseConfigurationReference = E2D747B4ED24A60BB7F42C83 /* Pods-thesisProject.debug.xcconfig */;
			buildSettings = {
				ASSETCATALOG_COMPILER_APPICON_NAME = AppIcon;
				CODE_SIGN_STYLE = Automatic;
				DEVELOPMENT_TEAM = 9QD9Y49583;
				INFOPLIST_FILE = "$(SRCROOT)/thesisProject/SupportingFiles/Info.plist";
				IPHONEOS_DEPLOYMENT_TARGET = 11.2;
				LD_RUNPATH_SEARCH_PATHS = "$(inherited) @executable_path/Frameworks";
				PRODUCT_BUNDLE_IDENTIFIER = com.kechin.thesisProject;
				PRODUCT_NAME = "$(TARGET_NAME)";
				SWIFT_VERSION = 4.0;
				TARGETED_DEVICE_FAMILY = "1,2";
			};
			name = Debug;
		};
		3DDF5AEE206162B1001BD7BE /* Release */ = {
			isa = XCBuildConfiguration;
			baseConfigurationReference = 90A5CD2FD7842732F24A2D4A /* Pods-thesisProject.release.xcconfig */;
			buildSettings = {
				ASSETCATALOG_COMPILER_APPICON_NAME = AppIcon;
				CODE_SIGN_STYLE = Automatic;
				DEVELOPMENT_TEAM = 9QD9Y49583;
				INFOPLIST_FILE = "$(SRCROOT)/thesisProject/SupportingFiles/Info.plist";
				IPHONEOS_DEPLOYMENT_TARGET = 11.2;
				LD_RUNPATH_SEARCH_PATHS = "$(inherited) @executable_path/Frameworks";
				PRODUCT_BUNDLE_IDENTIFIER = com.kechin.thesisProject;
				PRODUCT_NAME = "$(TARGET_NAME)";
				SWIFT_VERSION = 4.0;
				TARGETED_DEVICE_FAMILY = "1,2";
			};
			name = Release;
		};
/* End XCBuildConfiguration section */

/* Begin XCConfigurationList section */
		3DDF5AD5206162B1001BD7BE /* Build configuration list for PBXProject "thesisProject" */ = {
			isa = XCConfigurationList;
			buildConfigurations = (
				3DDF5AEA206162B1001BD7BE /* Debug */,
				3DDF5AEB206162B1001BD7BE /* Release */,
			);
			defaultConfigurationIsVisible = 0;
			defaultConfigurationName = Release;
		};
		3DDF5AEC206162B1001BD7BE /* Build configuration list for PBXNativeTarget "thesisProject" */ = {
			isa = XCConfigurationList;
			buildConfigurations = (
				3DDF5AED206162B1001BD7BE /* Debug */,
				3DDF5AEE206162B1001BD7BE /* Release */,
			);
			defaultConfigurationIsVisible = 0;
			defaultConfigurationName = Release;
		};
/* End XCConfigurationList section */
	};
	rootObject = 3DDF5AD2206162B1001BD7BE /* Project object */;
}
